
Microsoft Visual Studio Solution File, Format Version 12.00
# Visual Studio Version 17
VisualStudioVersion = 17.5.002.0
MinimumVisualStudioVersion = 10.0.40219.1
Project("{9A19103F-16F7-4668-BE54-9A1E7A4F7556}") = "IComparable", "IComparable.csproj", "{A75B451C-B042-498A-A791-91AD656BCF34}"
EndProject
Global
	GlobalSection(SolutionConfigurationPlatforms) = preSolution
		Debug|Any CPU = Debug|Any CPU
		Release|Any CPU = Release|Any CPU
	EndGlobalSection
	GlobalSection(ProjectConfigurationPlatforms) = postSolution
		{A75B451C-B042-498A-A791-91AD656BCF34}.Debug|Any CPU.ActiveCfg = Debug|Any CPU
		{A75B451C-B042-498A-A791-91AD656BCF34}.Debug|Any CPU.Build.0 = Debug|Any CPU
		{A75B451C-B042-498A-A791-91AD656BCF34}.Release|Any CPU.ActiveCfg = Release|Any CPU
		{A75B451C-B042-498A-A791-91AD656BCF34}.Release|Any CPU.Build.0 = Release|Any CPU
	EndGlobalSection
	GlobalSection(SolutionProperties) = preSolution
		HideSolutionNode = FALSE
	EndGlobalSection
	GlobalSection(ExtensibilityGlobals) = postSolution
		SolutionGuid = {9899B93B-9E2D-4F5B-8771-3441D51CAD2E}
	EndGlobalSection
EndGlobal
